
Microsoft Visual Studio Solution File, Format Version 12.00
# Visual Studio Version 16
VisualStudioVersion = 16.0.30413.136
MinimumVisualStudioVersion = 10.0.40219.1
Project("{9A19103F-16F7-4668-BE54-9A1E7A4F7556}") = "EncryptingApp", "EncryptingApp\EncryptingApp.csproj", "{8E1C5D70-C117-4528-B93D-7CF54EB7FC5B}"
EndProject
Global
	GlobalSection(SolutionConfigurationPlatforms) = preSolution
		Debug|Any CPU = Debug|Any CPU
		Release|Any CPU = Release|Any CPU
	EndGlobalSection
	GlobalSection(ProjectConfigurationPlatforms) = postSolution
		{8E1C5D70-C117-4528-B93D-7CF54EB7FC5B}.Debug|Any CPU.ActiveCfg = Debug|Any CPU
		{8E1C5D70-C117-4528-B93D-7CF54EB7FC5B}.Debug|Any CPU.Build.0 = Debug|Any CPU
		{8E1C5D70-C117-4528-B93D-7CF54EB7FC5B}.Release|Any CPU.ActiveCfg = Release|Any CPU
		{8E1C5D70-C117-4528-B93D-7CF54EB7FC5B}.Release|Any CPU.Build.0 = Release|Any CPU
	EndGlobalSection
	GlobalSection(SolutionProperties) = preSolution
		HideSolutionNode = FALSE
	EndGlobalSection
	GlobalSection(ExtensibilityGlobals) = postSolution
		SolutionGuid = {672588EF-FC61-4361-AD71-11EE8453C6D3}
	EndGlobalSection
EndGlobal
